
Microsoft Visual Studio Solution File, Format Version 12.00
# Visual Studio Version 17
VisualStudioVersion = 17.6.33829.357
MinimumVisualStudioVersion = 10.0.40219.1
Project("{9A19103F-16F7-4668-BE54-9A1E7A4F7556}") = "UserCase1", "UserCase1.csproj", "{74A12408-991A-4069-97E7-B9DA3F2B2B3B}"
EndProject
Project("{FAE04EC0-301F-11D3-BF4B-00C04F79EFBC}") = "UseCase1.Tests", "..\UseCase1.Tests\UseCase1.Tests.csproj", "{8F5DBF50-80A0-4223-AA79-969ED7F5D901}"
EndProject
Global
	GlobalSection(SolutionConfigurationPlatforms) = preSolution
		Debug|Any CPU = Debug|Any CPU
		Release|Any CPU = Release|Any CPU
	EndGlobalSection
	GlobalSection(ProjectConfigurationPlatforms) = postSolution
		{74A12408-991A-4069-97E7-B9DA3F2B2B3B}.Debug|Any CPU.ActiveCfg = Debug|Any CPU
		{74A12408-991A-4069-97E7-B9DA3F2B2B3B}.Debug|Any CPU.Build.0 = Debug|Any CPU
		{74A12408-991A-4069-97E7-B9DA3F2B2B3B}.Release|Any CPU.ActiveCfg = Release|Any CPU
		{74A12408-991A-4069-97E7-B9DA3F2B2B3B}.Release|Any CPU.Build.0 = Release|Any CPU
		{8F5DBF50-80A0-4223-AA79-969ED7F5D901}.Debug|Any CPU.ActiveCfg = Debug|Any CPU
		{8F5DBF50-80A0-4223-AA79-969ED7F5D901}.Debug|Any CPU.Build.0 = Debug|Any CPU
		{8F5DBF50-80A0-4223-AA79-969ED7F5D901}.Release|Any CPU.ActiveCfg = Release|Any CPU
		{8F5DBF50-80A0-4223-AA79-969ED7F5D901}.Release|Any CPU.Build.0 = Release|Any CPU
	EndGlobalSection
	GlobalSection(SolutionProperties) = preSolution
		HideSolutionNode = FALSE
	EndGlobalSection
	GlobalSection(ExtensibilityGlobals) = postSolution
		SolutionGuid = {4DF7B2A1-BB2F-4C42-B390-47E7786C2F04}
	EndGlobalSection
EndGlobal
